<?xml version="1.0" encoding="utf-8"?>
<Project ToolsVersion="4.0" xmlns="http://schemas.microsoft.com/developer/msbuild/2003">
  <ItemGroup>
    <Filter Include="Source Files">
      <UniqueIdentifier>{4FC737F1-C7A5-4376-A066-2A32D752A2FF}</UniqueIdentifier>
      <Extensions>cpp;c;cc;cxx;def;odl;idl;hpj;bat;asm;asmx</Extensions>
    </Filter>
    <Filter Include="Header Files">
      <UniqueIdentifier>{93995380-89BD-4b04-88EB-625FBE52EBFB}</UniqueIdentifier>
      <Extensions>h;hh;hpp;hxx;hm;inl;inc;xsd</Extensions>
    </Filter>
    <Filter Include="Shaders">
      <UniqueIdentifier>{82cc2bcd-d376-4ea7-8c0d-1e5bbef6c3c2}</UniqueIdentifier>
    </Filter>
    <Filter Include="VR_input_files">
      <UniqueIdentifier>{4e4fb42d-dbf9-448d-8358-f2369c328319}</UniqueIdentifier>
    </Filter>
  </ItemGroup>
  <ItemGroup>
    <ClCompile Include="src\MudboxVR.cpp">
      <Filter>Source Files</Filter>
    </ClCompile>
    <ClCompile Include="src\MBVRNode.cpp">
      <Filter>Source Files</Filter>
    </ClCompile>
    <ClCompile Include="src\MBVRWidget.cpp">
      <Filter>Source Files</Filter>
    </ClCompile>
    <ClCompile Include="src\VRHead.cpp">
      <Filter>Source Files</Filter>
    </ClCompile>
    <ClCompile Include="src\VRViewport.cpp">
      <Filter>Source Files</Filter>
    </ClCompile>
    <ClCompile Include="src\HelperFunctions.cpp">
      <Filter>Source Files</Filter>
    </ClCompile>
    <ClCompile Include="src\MBVRMesh.cpp">
      <Filter>Source Files</Filter>
    </ClCompile>
    <ClCompile Include="src\MBVRShader.cpp">
      <Filter>Source Files</Filter>
    </ClCompile>
  </ItemGroup>
  <ItemGroup>
    <ClInclude Include="headers\mbvr_global.h">
      <Filter>Header Files</Filter>
    </ClInclude>
    <ClInclude Include="headers\MudboxVR.h">
      <Filter>Header Files</Filter>
    </ClInclude>
    <ClInclude Include="headers\MBVRNode.h">
      <Filter>Header Files</Filter>
    </ClInclude>
    <ClInclude Include="headers\VRViewport.h">
      <Filter>Header Files</Filter>
    </ClInclude>
    <ClInclude Include="headers\VRHead.h">
      <Filter>Header Files</Filter>
    </ClInclude>
    <ClInclude Include="headers\MBVRWidget.h">
      <Filter>Header Files</Filter>
    </ClInclude>
    <ClInclude Include="headers\MBVRMesh.h">
      <Filter>Header Files</Filter>
    </ClInclude>
    <ClInclude Include="headers\MBVRShader.h">
      <Filter>Header Files</Filter>
    </ClInclude>
  </ItemGroup>
  <ItemGroup>
    <Text Include="README.txt" />
  </ItemGroup>
  <ItemGroup>
    <None Include="shaders\MBVR_vertex.glsl">
      <Filter>Shaders</Filter>
    </None>
    <None Include="shaders\MBVR_fragment.glsl">
      <Filter>Shaders</Filter>
    </None>
    <None Include="VRActionSets\mudboxvr_bindings_vive_controller.json">
      <Filter>VR_input_files</Filter>
    </None>
    <None Include="VRActionSets\mudboxvr_actions.json">
      <Filter>VR_input_files</Filter>
    </None>
  </ItemGroup>
</Project>