
Microsoft Visual Studio Solution File, Format Version 12.00
# Visual Studio 15
VisualStudioVersion = 15.0.28307.572
MinimumVisualStudioVersion = 10.0.40219.1
Project("{8BC9CEB8-8B4A-11D0-8D11-00A0C91BC942}") = "MudBoxVR", "MudBoxVR.vcxproj", "{CAF80DD2-6026-4C02-B219-70B40439D604}"
EndProject
Project("{2150E333-8FDC-42A3-9474-1A3956D46DE8}") = "Solution Items", "Solution Items", "{23C39D07-21CD-461D-AAA7-A7952A282580}"
	ProjectSection(SolutionItems) = preProject
		..\..\..\Mudbox\2018-x64\data\Logs\mudbox.log = ..\..\..\Mudbox\2018-x64\data\Logs\mudbox.log
	EndProjectSection
EndProject
Global
	GlobalSection(SolutionConfigurationPlatforms) = preSolution
		Debug|Win32 = Debug|Win32
		Debug|x64 = Debug|x64
		Release|Win32 = Release|Win32
		Release|x64 = Release|x64
	EndGlobalSection
	GlobalSection(ProjectConfigurationPlatforms) = postSolution
		{CAF80DD2-6026-4C02-B219-70B40439D604}.Debug|Win32.ActiveCfg = Debug|Win32
		{CAF80DD2-6026-4C02-B219-70B40439D604}.Debug|Win32.Build.0 = Debug|Win32
		{CAF80DD2-6026-4C02-B219-70B40439D604}.Debug|x64.ActiveCfg = Debug|x64
		{CAF80DD2-6026-4C02-B219-70B40439D604}.Debug|x64.Build.0 = Debug|x64
		{CAF80DD2-6026-4C02-B219-70B40439D604}.Release|Win32.ActiveCfg = Release|Win32
		{CAF80DD2-6026-4C02-B219-70B40439D604}.Release|Win32.Build.0 = Release|Win32
		{CAF80DD2-6026-4C02-B219-70B40439D604}.Release|x64.ActiveCfg = Release|x64
		{CAF80DD2-6026-4C02-B219-70B40439D604}.Release|x64.Build.0 = Release|x64
	EndGlobalSection
	GlobalSection(SolutionProperties) = preSolution
		HideSolutionNode = FALSE
	EndGlobalSection
	GlobalSection(ExtensibilityGlobals) = postSolution
		SolutionGuid = {5B926374-49A8-4C46-B429-7A429A2760C7}
	EndGlobalSection
EndGlobal
